
Microsoft Visual Studio Solution File, Format Version 12.00
# Visual Studio Version 16
VisualStudioVersion = 16.0.33214.272
MinimumVisualStudioVersion = 10.0.40219.1
Project("{FAE04EC0-301F-11D3-BF4B-00C04F79EFBC}") = "TcpServer", "TcpServer\TcpServer.csproj", "{68BA3B24-169F-4E27-B743-B258D45ADD93}"
EndProject
Global
	GlobalSection(SolutionConfigurationPlatforms) = preSolution
		Debug|Any CPU = Debug|Any CPU
		Release|Any CPU = Release|Any CPU
	EndGlobalSection
	GlobalSection(ProjectConfigurationPlatforms) = postSolution
		{68BA3B24-169F-4E27-B743-B258D45ADD93}.Debug|Any CPU.ActiveCfg = Debug|Any CPU
		{68BA3B24-169F-4E27-B743-B258D45ADD93}.Debug|Any CPU.Build.0 = Debug|Any CPU
		{68BA3B24-169F-4E27-B743-B258D45ADD93}.Release|Any CPU.ActiveCfg = Release|Any CPU
		{68BA3B24-169F-4E27-B743-B258D45ADD93}.Release|Any CPU.Build.0 = Release|Any CPU
	EndGlobalSection
	GlobalSection(SolutionProperties) = preSolution
		HideSolutionNode = FALSE
	EndGlobalSection
	GlobalSection(ExtensibilityGlobals) = postSolution
		SolutionGuid = {A7C7707C-07C4-4793-B8B6-A13797E022E6}
	EndGlobalSection
EndGlobal
